backoff==1.8.0
boto3==1.9.175
botocore==1.12.175
certifi==2019.6.16
chardet==3.0.4
Django==2.2.2
docutils==0.14
idna==2.8
jmespath==0.9.4
newrelic==4.20.1.121
psycopg2==2.8.3
python-dateutil==2.8.0
pytz==2019.1
requests==2.22.0
s3transfer==0.2.1
six==1.12.0
sqlparse==0.3.0
urllib3==1.25.3
uWSGI==2.0.18
